<?xml version="1.0" encoding="utf-8"?>
<Project ToolsVersion="16.0" xmlns="http://schemas.microsoft.com/developer/msbuild/2003">
  <ItemGroup>
    <CustomBuild Include="D:\Programs\Projects\rpg_programs\PhysX\physx\compiler\vc16win64\CMakeFiles\80d8951b4863a98105b76be105f3834a\INSTALL_force.rule">
      <Filter>CMake Rules</Filter>
    </CustomBuild>
  </ItemGroup>
  <ItemGroup>
    <Filter Include="CMake Rules">
      <UniqueIdentifier>{028AB4ED-FD40-3EF1-8241-6112771C5637}</UniqueIdentifier>
    </Filter>
  </ItemGroup>
</Project>
