Microsoft Visual Studio Solution File, Format Version 12.00
# Visual Studio 16
Project("{2150E333-8FDC-42A3-9474-1A3956D46DE8}") = "CMakePredefinedTargets", "CMakePredefinedTargets", "{115EA74F-1A49-3F2A-8C4B-A2D0537E4C67}"
EndProject
Project("{2150E333-8FDC-42A3-9474-1A3956D46DE8}") = "PhysX SDK", "PhysX SDK", "{4ECB8F70-BD18-3B0F-AF2F-0636F3E5AFE5}"
EndProject
Project("{8BC9CEB8-8B4A-11D0-8D11-00A0C91BC942}") = "ALL_BUILD", "ALL_BUILD.vcxproj", "{4BF63B3E-979E-31C8-A608-364471258899}"
	ProjectSection(ProjectDependencies) = postProject
		{7BA025A7-3F3B-3836-A7D9-067CB4F96A36} = {7BA025A7-3F3B-3836-A7D9-067CB4F96A36}
		{AB45034B-930A-3249-A929-F8206E8492B2} = {AB45034B-930A-3249-A929-F8206E8492B2}
		{D8852799-4986-3CAD-A804-FC5F5A86AF60} = {D8852799-4986-3CAD-A804-FC5F5A86AF60}
		{84552390-4DC8-3562-B0EF-B5F195B95A0B} = {84552390-4DC8-3562-B0EF-B5F195B95A0B}
		{1E1C99D9-41E3-321E-89C9-E3FB521C292E} = {1E1C99D9-41E3-321E-89C9-E3FB521C292E}
		{563B2A68-94F8-36F8-B581-D828B713ABD7} = {563B2A68-94F8-36F8-B581-D828B713ABD7}
		{2F5C3A1F-3C31-3A9F-A1A5-A3EEE11F69CE} = {2F5C3A1F-3C31-3A9F-A1A5-A3EEE11F69CE}
		{6A6EC937-724F-332F-8964-2B601B19C0FC} = {6A6EC937-724F-332F-8964-2B601B19C0FC}
		{A16F86EE-1822-3905-B23C-B2E5B136F57F} = {A16F86EE-1822-3905-B23C-B2E5B136F57F}
		{0D85EB80-5B52-3FFE-A9FD-9127CD14DC9B} = {0D85EB80-5B52-3FFE-A9FD-9127CD14DC9B}
		{07129082-41A6-39CE-9F51-391D08C0126C} = {07129082-41A6-39CE-9F51-391D08C0126C}
		{65549C2A-6A51-3EF6-A473-8E4D48D08274} = {65549C2A-6A51-3EF6-A473-8E4D48D08274}
		{1B8711DC-E49D-3E3C-9E2C-15551877351E} = {1B8711DC-E49D-3E3C-9E2C-15551877351E}
		{798A3F78-2B1D-37F6-AC42-6AEDDC51F80A} = {798A3F78-2B1D-37F6-AC42-6AEDDC51F80A}
		{F32F1102-CF8B-352E-878C-E37033725212} = {F32F1102-CF8B-352E-878C-E37033725212}
		{1972AA38-4598-3322-9A9C-43EC5026FBF6} = {1972AA38-4598-3322-9A9C-43EC5026FBF6}
	EndProjectSection
EndProject
Project("{8BC9CEB8-8B4A-11D0-8D11-00A0C91BC942}") = "FastXml", "FastXml.vcxproj", "{7BA025A7-3F3B-3836-A7D9-067CB4F96A36}"
	ProjectSection(ProjectDependencies) = postProject
		{1972AA38-4598-3322-9A9C-43EC5026FBF6} = {1972AA38-4598-3322-9A9C-43EC5026FBF6}
	EndProjectSection
EndProject
Project("{8BC9CEB8-8B4A-11D0-8D11-00A0C91BC942}") = "INSTALL", "INSTALL.vcxproj", "{84E47B8D-ED9F-38FC-84D4-FBF0C298144D}"
	ProjectSection(ProjectDependencies) = postProject
		{4BF63B3E-979E-31C8-A608-364471258899} = {4BF63B3E-979E-31C8-A608-364471258899}
		{1972AA38-4598-3322-9A9C-43EC5026FBF6} = {1972AA38-4598-3322-9A9C-43EC5026FBF6}
	EndProjectSection
EndProject
Project("{8BC9CEB8-8B4A-11D0-8D11-00A0C91BC942}") = "LowLevel", "LowLevel.vcxproj", "{AB45034B-930A-3249-A929-F8206E8492B2}"
	ProjectSection(ProjectDependencies) = postProject
		{1972AA38-4598-3322-9A9C-43EC5026FBF6} = {1972AA38-4598-3322-9A9C-43EC5026FBF6}
	EndProjectSection
EndProject
Project("{8BC9CEB8-8B4A-11D0-8D11-00A0C91BC942}") = "LowLevelAABB", "LowLevelAABB.vcxproj", "{D8852799-4986-3CAD-A804-FC5F5A86AF60}"
	ProjectSection(ProjectDependencies) = postProject
		{1972AA38-4598-3322-9A9C-43EC5026FBF6} = {1972AA38-4598-3322-9A9C-43EC5026FBF6}
	EndProjectSection
EndProject
Project("{8BC9CEB8-8B4A-11D0-8D11-00A0C91BC942}") = "LowLevelDynamics", "LowLevelDynamics.vcxproj", "{84552390-4DC8-3562-B0EF-B5F195B95A0B}"
	ProjectSection(ProjectDependencies) = postProject
		{1972AA38-4598-3322-9A9C-43EC5026FBF6} = {1972AA38-4598-3322-9A9C-43EC5026FBF6}
	EndProjectSection
EndProject
Project("{8BC9CEB8-8B4A-11D0-8D11-00A0C91BC942}") = "PhysX", "PhysX.vcxproj", "{1E1C99D9-41E3-321E-89C9-E3FB521C292E}"
	ProjectSection(ProjectDependencies) = postProject
		{AB45034B-930A-3249-A929-F8206E8492B2} = {AB45034B-930A-3249-A929-F8206E8492B2}
		{D8852799-4986-3CAD-A804-FC5F5A86AF60} = {D8852799-4986-3CAD-A804-FC5F5A86AF60}
		{84552390-4DC8-3562-B0EF-B5F195B95A0B} = {84552390-4DC8-3562-B0EF-B5F195B95A0B}
		{2F5C3A1F-3C31-3A9F-A1A5-A3EEE11F69CE} = {2F5C3A1F-3C31-3A9F-A1A5-A3EEE11F69CE}
		{0D85EB80-5B52-3FFE-A9FD-9127CD14DC9B} = {0D85EB80-5B52-3FFE-A9FD-9127CD14DC9B}
		{07129082-41A6-39CE-9F51-391D08C0126C} = {07129082-41A6-39CE-9F51-391D08C0126C}
		{65549C2A-6A51-3EF6-A473-8E4D48D08274} = {65549C2A-6A51-3EF6-A473-8E4D48D08274}
		{798A3F78-2B1D-37F6-AC42-6AEDDC51F80A} = {798A3F78-2B1D-37F6-AC42-6AEDDC51F80A}
		{F32F1102-CF8B-352E-878C-E37033725212} = {F32F1102-CF8B-352E-878C-E37033725212}
		{1972AA38-4598-3322-9A9C-43EC5026FBF6} = {1972AA38-4598-3322-9A9C-43EC5026FBF6}
	EndProjectSection
EndProject
Project("{8BC9CEB8-8B4A-11D0-8D11-00A0C91BC942}") = "PhysXCharacterKinematic", "PhysXCharacterKinematic.vcxproj", "{563B2A68-94F8-36F8-B581-D828B713ABD7}"
	ProjectSection(ProjectDependencies) = postProject
		{0D85EB80-5B52-3FFE-A9FD-9127CD14DC9B} = {0D85EB80-5B52-3FFE-A9FD-9127CD14DC9B}
		{1972AA38-4598-3322-9A9C-43EC5026FBF6} = {1972AA38-4598-3322-9A9C-43EC5026FBF6}
	EndProjectSection
EndProject
Project("{8BC9CEB8-8B4A-11D0-8D11-00A0C91BC942}") = "PhysXCommon", "PhysXCommon.vcxproj", "{2F5C3A1F-3C31-3A9F-A1A5-A3EEE11F69CE}"
	ProjectSection(ProjectDependencies) = postProject
		{0D85EB80-5B52-3FFE-A9FD-9127CD14DC9B} = {0D85EB80-5B52-3FFE-A9FD-9127CD14DC9B}
		{1972AA38-4598-3322-9A9C-43EC5026FBF6} = {1972AA38-4598-3322-9A9C-43EC5026FBF6}
	EndProjectSection
EndProject
Project("{8BC9CEB8-8B4A-11D0-8D11-00A0C91BC942}") = "PhysXCooking", "PhysXCooking.vcxproj", "{6A6EC937-724F-332F-8964-2B601B19C0FC}"
	ProjectSection(ProjectDependencies) = postProject
		{2F5C3A1F-3C31-3A9F-A1A5-A3EEE11F69CE} = {2F5C3A1F-3C31-3A9F-A1A5-A3EEE11F69CE}
		{0D85EB80-5B52-3FFE-A9FD-9127CD14DC9B} = {0D85EB80-5B52-3FFE-A9FD-9127CD14DC9B}
		{1972AA38-4598-3322-9A9C-43EC5026FBF6} = {1972AA38-4598-3322-9A9C-43EC5026FBF6}
	EndProjectSection
EndProject
Project("{8BC9CEB8-8B4A-11D0-8D11-00A0C91BC942}") = "PhysXExtensions", "PhysXExtensions.vcxproj", "{A16F86EE-1822-3905-B23C-B2E5B136F57F}"
	ProjectSection(ProjectDependencies) = postProject
		{7BA025A7-3F3B-3836-A7D9-067CB4F96A36} = {7BA025A7-3F3B-3836-A7D9-067CB4F96A36}
		{1E1C99D9-41E3-321E-89C9-E3FB521C292E} = {1E1C99D9-41E3-321E-89C9-E3FB521C292E}
		{0D85EB80-5B52-3FFE-A9FD-9127CD14DC9B} = {0D85EB80-5B52-3FFE-A9FD-9127CD14DC9B}
		{07129082-41A6-39CE-9F51-391D08C0126C} = {07129082-41A6-39CE-9F51-391D08C0126C}
		{1972AA38-4598-3322-9A9C-43EC5026FBF6} = {1972AA38-4598-3322-9A9C-43EC5026FBF6}
	EndProjectSection
EndProject
Project("{8BC9CEB8-8B4A-11D0-8D11-00A0C91BC942}") = "PhysXFoundation", "PhysXFoundation.vcxproj", "{0D85EB80-5B52-3FFE-A9FD-9127CD14DC9B}"
	ProjectSection(ProjectDependencies) = postProject
		{1972AA38-4598-3322-9A9C-43EC5026FBF6} = {1972AA38-4598-3322-9A9C-43EC5026FBF6}
	EndProjectSection
EndProject
Project("{8BC9CEB8-8B4A-11D0-8D11-00A0C91BC942}") = "PhysXPvdSDK", "PhysXPvdSDK.vcxproj", "{07129082-41A6-39CE-9F51-391D08C0126C}"
	ProjectSection(ProjectDependencies) = postProject
		{0D85EB80-5B52-3FFE-A9FD-9127CD14DC9B} = {0D85EB80-5B52-3FFE-A9FD-9127CD14DC9B}
		{1972AA38-4598-3322-9A9C-43EC5026FBF6} = {1972AA38-4598-3322-9A9C-43EC5026FBF6}
	EndProjectSection
EndProject
Project("{8BC9CEB8-8B4A-11D0-8D11-00A0C91BC942}") = "PhysXTask", "PhysXTask.vcxproj", "{65549C2A-6A51-3EF6-A473-8E4D48D08274}"
	ProjectSection(ProjectDependencies) = postProject
		{1972AA38-4598-3322-9A9C-43EC5026FBF6} = {1972AA38-4598-3322-9A9C-43EC5026FBF6}
	EndProjectSection
EndProject
Project("{8BC9CEB8-8B4A-11D0-8D11-00A0C91BC942}") = "PhysXVehicle", "PhysXVehicle.vcxproj", "{1B8711DC-E49D-3E3C-9E2C-15551877351E}"
	ProjectSection(ProjectDependencies) = postProject
		{0D85EB80-5B52-3FFE-A9FD-9127CD14DC9B} = {0D85EB80-5B52-3FFE-A9FD-9127CD14DC9B}
		{07129082-41A6-39CE-9F51-391D08C0126C} = {07129082-41A6-39CE-9F51-391D08C0126C}
		{1972AA38-4598-3322-9A9C-43EC5026FBF6} = {1972AA38-4598-3322-9A9C-43EC5026FBF6}
	EndProjectSection
EndProject
Project("{8BC9CEB8-8B4A-11D0-8D11-00A0C91BC942}") = "SceneQuery", "SceneQuery.vcxproj", "{798A3F78-2B1D-37F6-AC42-6AEDDC51F80A}"
	ProjectSection(ProjectDependencies) = postProject
		{1972AA38-4598-3322-9A9C-43EC5026FBF6} = {1972AA38-4598-3322-9A9C-43EC5026FBF6}
	EndProjectSection
EndProject
Project("{8BC9CEB8-8B4A-11D0-8D11-00A0C91BC942}") = "SimulationController", "SimulationController.vcxproj", "{F32F1102-CF8B-352E-878C-E37033725212}"
	ProjectSection(ProjectDependencies) = postProject
		{1972AA38-4598-3322-9A9C-43EC5026FBF6} = {1972AA38-4598-3322-9A9C-43EC5026FBF6}
	EndProjectSection
EndProject
Project("{8BC9CEB8-8B4A-11D0-8D11-00A0C91BC942}") = "ZERO_CHECK", "..\\ZERO_CHECK.vcxproj", "{1972AA38-4598-3322-9A9C-43EC5026FBF6}"
	ProjectSection(ProjectDependencies) = postProject
	EndProjectSection
EndProject
Global
	GlobalSection(SolutionConfigurationPlatforms) = preSolution
		debug|x64 = debug|x64
		checked|x64 = checked|x64
		profile|x64 = profile|x64
		release|x64 = release|x64
	EndGlobalSection
	GlobalSection(ProjectConfigurationPlatforms) = postSolution
		{4BF63B3E-979E-31C8-A608-364471258899}.debug|x64.ActiveCfg = debug|x64
		{4BF63B3E-979E-31C8-A608-364471258899}.debug|x64.Build.0 = debug|x64
		{4BF63B3E-979E-31C8-A608-364471258899}.checked|x64.ActiveCfg = checked|x64
		{4BF63B3E-979E-31C8-A608-364471258899}.checked|x64.Build.0 = checked|x64
		{4BF63B3E-979E-31C8-A608-364471258899}.profile|x64.ActiveCfg = profile|x64
		{4BF63B3E-979E-31C8-A608-364471258899}.profile|x64.Build.0 = profile|x64
		{4BF63B3E-979E-31C8-A608-364471258899}.release|x64.ActiveCfg = release|x64
		{4BF63B3E-979E-31C8-A608-364471258899}.release|x64.Build.0 = release|x64
		{7BA025A7-3F3B-3836-A7D9-067CB4F96A36}.debug|x64.ActiveCfg = debug|x64
		{7BA025A7-3F3B-3836-A7D9-067CB4F96A36}.debug|x64.Build.0 = debug|x64
		{7BA025A7-3F3B-3836-A7D9-067CB4F96A36}.checked|x64.ActiveCfg = checked|x64
		{7BA025A7-3F3B-3836-A7D9-067CB4F96A36}.checked|x64.Build.0 = checked|x64
		{7BA025A7-3F3B-3836-A7D9-067CB4F96A36}.profile|x64.ActiveCfg = profile|x64
		{7BA025A7-3F3B-3836-A7D9-067CB4F96A36}.profile|x64.Build.0 = profile|x64
		{7BA025A7-3F3B-3836-A7D9-067CB4F96A36}.release|x64.ActiveCfg = release|x64
		{7BA025A7-3F3B-3836-A7D9-067CB4F96A36}.release|x64.Build.0 = release|x64
		{84E47B8D-ED9F-38FC-84D4-FBF0C298144D}.debug|x64.ActiveCfg = debug|x64
		{84E47B8D-ED9F-38FC-84D4-FBF0C298144D}.checked|x64.ActiveCfg = checked|x64
		{84E47B8D-ED9F-38FC-84D4-FBF0C298144D}.profile|x64.ActiveCfg = profile|x64
		{84E47B8D-ED9F-38FC-84D4-FBF0C298144D}.release|x64.ActiveCfg = release|x64
		{AB45034B-930A-3249-A929-F8206E8492B2}.debug|x64.ActiveCfg = debug|x64
		{AB45034B-930A-3249-A929-F8206E8492B2}.debug|x64.Build.0 = debug|x64
		{AB45034B-930A-3249-A929-F8206E8492B2}.checked|x64.ActiveCfg = checked|x64
		{AB45034B-930A-3249-A929-F8206E8492B2}.checked|x64.Build.0 = checked|x64
		{AB45034B-930A-3249-A929-F8206E8492B2}.profile|x64.ActiveCfg = profile|x64
		{AB45034B-930A-3249-A929-F8206E8492B2}.profile|x64.Build.0 = profile|x64
		{AB45034B-930A-3249-A929-F8206E8492B2}.release|x64.ActiveCfg = release|x64
		{AB45034B-930A-3249-A929-F8206E8492B2}.release|x64.Build.0 = release|x64
		{D8852799-4986-3CAD-A804-FC5F5A86AF60}.debug|x64.ActiveCfg = debug|x64
		{D8852799-4986-3CAD-A804-FC5F5A86AF60}.debug|x64.Build.0 = debug|x64
		{D8852799-4986-3CAD-A804-FC5F5A86AF60}.checked|x64.ActiveCfg = checked|x64
		{D8852799-4986-3CAD-A804-FC5F5A86AF60}.checked|x64.Build.0 = checked|x64
		{D8852799-4986-3CAD-A804-FC5F5A86AF60}.profile|x64.ActiveCfg = profile|x64
		{D8852799-4986-3CAD-A804-FC5F5A86AF60}.profile|x64.Build.0 = profile|x64
		{D8852799-4986-3CAD-A804-FC5F5A86AF60}.release|x64.ActiveCfg = release|x64
		{D8852799-4986-3CAD-A804-FC5F5A86AF60}.release|x64.Build.0 = release|x64
		{84552390-4DC8-3562-B0EF-B5F195B95A0B}.debug|x64.ActiveCfg = debug|x64
		{84552390-4DC8-3562-B0EF-B5F195B95A0B}.debug|x64.Build.0 = debug|x64
		{84552390-4DC8-3562-B0EF-B5F195B95A0B}.checked|x64.ActiveCfg = checked|x64
		{84552390-4DC8-3562-B0EF-B5F195B95A0B}.checked|x64.Build.0 = checked|x64
		{84552390-4DC8-3562-B0EF-B5F195B95A0B}.profile|x64.ActiveCfg = profile|x64
		{84552390-4DC8-3562-B0EF-B5F195B95A0B}.profile|x64.Build.0 = profile|x64
		{84552390-4DC8-3562-B0EF-B5F195B95A0B}.release|x64.ActiveCfg = release|x64
		{84552390-4DC8-3562-B0EF-B5F195B95A0B}.release|x64.Build.0 = release|x64
		{1E1C99D9-41E3-321E-89C9-E3FB521C292E}.debug|x64.ActiveCfg = debug|x64
		{1E1C99D9-41E3-321E-89C9-E3FB521C292E}.debug|x64.Build.0 = debug|x64
		{1E1C99D9-41E3-321E-89C9-E3FB521C292E}.checked|x64.ActiveCfg = checked|x64
		{1E1C99D9-41E3-321E-89C9-E3FB521C292E}.checked|x64.Build.0 = checked|x64
		{1E1C99D9-41E3-321E-89C9-E3FB521C292E}.profile|x64.ActiveCfg = profile|x64
		{1E1C99D9-41E3-321E-89C9-E3FB521C292E}.profile|x64.Build.0 = profile|x64
		{1E1C99D9-41E3-321E-89C9-E3FB521C292E}.release|x64.ActiveCfg = release|x64
		{1E1C99D9-41E3-321E-89C9-E3FB521C292E}.release|x64.Build.0 = release|x64
		{563B2A68-94F8-36F8-B581-D828B713ABD7}.debug|x64.ActiveCfg = debug|x64
		{563B2A68-94F8-36F8-B581-D828B713ABD7}.debug|x64.Build.0 = debug|x64
		{563B2A68-94F8-36F8-B581-D828B713ABD7}.checked|x64.ActiveCfg = checked|x64
		{563B2A68-94F8-36F8-B581-D828B713ABD7}.checked|x64.Build.0 = checked|x64
		{563B2A68-94F8-36F8-B581-D828B713ABD7}.profile|x64.ActiveCfg = profile|x64
		{563B2A68-94F8-36F8-B581-D828B713ABD7}.profile|x64.Build.0 = profile|x64
		{563B2A68-94F8-36F8-B581-D828B713ABD7}.release|x64.ActiveCfg = release|x64
		{563B2A68-94F8-36F8-B581-D828B713ABD7}.release|x64.Build.0 = release|x64
		{2F5C3A1F-3C31-3A9F-A1A5-A3EEE11F69CE}.debug|x64.ActiveCfg = debug|x64
		{2F5C3A1F-3C31-3A9F-A1A5-A3EEE11F69CE}.debug|x64.Build.0 = debug|x64
		{2F5C3A1F-3C31-3A9F-A1A5-A3EEE11F69CE}.checked|x64.ActiveCfg = checked|x64
		{2F5C3A1F-3C31-3A9F-A1A5-A3EEE11F69CE}.checked|x64.Build.0 = checked|x64
		{2F5C3A1F-3C31-3A9F-A1A5-A3EEE11F69CE}.profile|x64.ActiveCfg = profile|x64
		{2F5C3A1F-3C31-3A9F-A1A5-A3EEE11F69CE}.profile|x64.Build.0 = profile|x64
		{2F5C3A1F-3C31-3A9F-A1A5-A3EEE11F69CE}.release|x64.ActiveCfg = release|x64
		{2F5C3A1F-3C31-3A9F-A1A5-A3EEE11F69CE}.release|x64.Build.0 = release|x64
		{6A6EC937-724F-332F-8964-2B601B19C0FC}.debug|x64.ActiveCfg = debug|x64
		{6A6EC937-724F-332F-8964-2B601B19C0FC}.debug|x64.Build.0 = debug|x64
		{6A6EC937-724F-332F-8964-2B601B19C0FC}.checked|x64.ActiveCfg = checked|x64
		{6A6EC937-724F-332F-8964-2B601B19C0FC}.checked|x64.Build.0 = checked|x64
		{6A6EC937-724F-332F-8964-2B601B19C0FC}.profile|x64.ActiveCfg = profile|x64
		{6A6EC937-724F-332F-8964-2B601B19C0FC}.profile|x64.Build.0 = profile|x64
		{6A6EC937-724F-332F-8964-2B601B19C0FC}.release|x64.ActiveCfg = release|x64
		{6A6EC937-724F-332F-8964-2B601B19C0FC}.release|x64.Build.0 = release|x64
		{A16F86EE-1822-3905-B23C-B2E5B136F57F}.debug|x64.ActiveCfg = debug|x64
		{A16F86EE-1822-3905-B23C-B2E5B136F57F}.debug|x64.Build.0 = debug|x64
		{A16F86EE-1822-3905-B23C-B2E5B136F57F}.checked|x64.ActiveCfg = checked|x64
		{A16F86EE-1822-3905-B23C-B2E5B136F57F}.checked|x64.Build.0 = checked|x64
		{A16F86EE-1822-3905-B23C-B2E5B136F57F}.profile|x64.ActiveCfg = profile|x64
		{A16F86EE-1822-3905-B23C-B2E5B136F57F}.profile|x64.Build.0 = profile|x64
		{A16F86EE-1822-3905-B23C-B2E5B136F57F}.release|x64.ActiveCfg = release|x64
		{A16F86EE-1822-3905-B23C-B2E5B136F57F}.release|x64.Build.0 = release|x64
		{0D85EB80-5B52-3FFE-A9FD-9127CD14DC9B}.debug|x64.ActiveCfg = debug|x64
		{0D85EB80-5B52-3FFE-A9FD-9127CD14DC9B}.debug|x64.Build.0 = debug|x64
		{0D85EB80-5B52-3FFE-A9FD-9127CD14DC9B}.checked|x64.ActiveCfg = checked|x64
		{0D85EB80-5B52-3FFE-A9FD-9127CD14DC9B}.checked|x64.Build.0 = checked|x64
		{0D85EB80-5B52-3FFE-A9FD-9127CD14DC9B}.profile|x64.ActiveCfg = profile|x64
		{0D85EB80-5B52-3FFE-A9FD-9127CD14DC9B}.profile|x64.Build.0 = profile|x64
		{0D85EB80-5B52-3FFE-A9FD-9127CD14DC9B}.release|x64.ActiveCfg = release|x64
		{0D85EB80-5B52-3FFE-A9FD-9127CD14DC9B}.release|x64.Build.0 = release|x64
		{07129082-41A6-39CE-9F51-391D08C0126C}.debug|x64.ActiveCfg = debug|x64
		{07129082-41A6-39CE-9F51-391D08C0126C}.debug|x64.Build.0 = debug|x64
		{07129082-41A6-39CE-9F51-391D08C0126C}.checked|x64.ActiveCfg = checked|x64
		{07129082-41A6-39CE-9F51-391D08C0126C}.checked|x64.Build.0 = checked|x64
		{07129082-41A6-39CE-9F51-391D08C0126C}.profile|x64.ActiveCfg = profile|x64
		{07129082-41A6-39CE-9F51-391D08C0126C}.profile|x64.Build.0 = profile|x64
		{07129082-41A6-39CE-9F51-391D08C0126C}.release|x64.ActiveCfg = release|x64
		{07129082-41A6-39CE-9F51-391D08C0126C}.release|x64.Build.0 = release|x64
		{65549C2A-6A51-3EF6-A473-8E4D48D08274}.debug|x64.ActiveCfg = debug|x64
		{65549C2A-6A51-3EF6-A473-8E4D48D08274}.debug|x64.Build.0 = debug|x64
		{65549C2A-6A51-3EF6-A473-8E4D48D08274}.checked|x64.ActiveCfg = checked|x64
		{65549C2A-6A51-3EF6-A473-8E4D48D08274}.checked|x64.Build.0 = checked|x64
		{65549C2A-6A51-3EF6-A473-8E4D48D08274}.profile|x64.ActiveCfg = profile|x64
		{65549C2A-6A51-3EF6-A473-8E4D48D08274}.profile|x64.Build.0 = profile|x64
		{65549C2A-6A51-3EF6-A473-8E4D48D08274}.release|x64.ActiveCfg = release|x64
		{65549C2A-6A51-3EF6-A473-8E4D48D08274}.release|x64.Build.0 = release|x64
		{1B8711DC-E49D-3E3C-9E2C-15551877351E}.debug|x64.ActiveCfg = debug|x64
		{1B8711DC-E49D-3E3C-9E2C-15551877351E}.debug|x64.Build.0 = debug|x64
		{1B8711DC-E49D-3E3C-9E2C-15551877351E}.checked|x64.ActiveCfg = checked|x64
		{1B8711DC-E49D-3E3C-9E2C-15551877351E}.checked|x64.Build.0 = checked|x64
		{1B8711DC-E49D-3E3C-9E2C-15551877351E}.profile|x64.ActiveCfg = profile|x64
		{1B8711DC-E49D-3E3C-9E2C-15551877351E}.profile|x64.Build.0 = profile|x64
		{1B8711DC-E49D-3E3C-9E2C-15551877351E}.release|x64.ActiveCfg = release|x64
		{1B8711DC-E49D-3E3C-9E2C-15551877351E}.release|x64.Build.0 = release|x64
		{798A3F78-2B1D-37F6-AC42-6AEDDC51F80A}.debug|x64.ActiveCfg = debug|x64
		{798A3F78-2B1D-37F6-AC42-6AEDDC51F80A}.debug|x64.Build.0 = debug|x64
		{798A3F78-2B1D-37F6-AC42-6AEDDC51F80A}.checked|x64.ActiveCfg = checked|x64
		{798A3F78-2B1D-37F6-AC42-6AEDDC51F80A}.checked|x64.Build.0 = checked|x64
		{798A3F78-2B1D-37F6-AC42-6AEDDC51F80A}.profile|x64.ActiveCfg = profile|x64
		{798A3F78-2B1D-37F6-AC42-6AEDDC51F80A}.profile|x64.Build.0 = profile|x64
		{798A3F78-2B1D-37F6-AC42-6AEDDC51F80A}.release|x64.ActiveCfg = release|x64
		{798A3F78-2B1D-37F6-AC42-6AEDDC51F80A}.release|x64.Build.0 = release|x64
		{F32F1102-CF8B-352E-878C-E37033725212}.debug|x64.ActiveCfg = debug|x64
		{F32F1102-CF8B-352E-878C-E37033725212}.debug|x64.Build.0 = debug|x64
		{F32F1102-CF8B-352E-878C-E37033725212}.checked|x64.ActiveCfg = checked|x64
		{F32F1102-CF8B-352E-878C-E37033725212}.checked|x64.Build.0 = checked|x64
		{F32F1102-CF8B-352E-878C-E37033725212}.profile|x64.ActiveCfg = profile|x64
		{F32F1102-CF8B-352E-878C-E37033725212}.profile|x64.Build.0 = profile|x64
		{F32F1102-CF8B-352E-878C-E37033725212}.release|x64.ActiveCfg = release|x64
		{F32F1102-CF8B-352E-878C-E37033725212}.release|x64.Build.0 = release|x64
		{1972AA38-4598-3322-9A9C-43EC5026FBF6}.debug|x64.ActiveCfg = debug|x64
		{1972AA38-4598-3322-9A9C-43EC5026FBF6}.debug|x64.Build.0 = debug|x64
		{1972AA38-4598-3322-9A9C-43EC5026FBF6}.checked|x64.ActiveCfg = checked|x64
		{1972AA38-4598-3322-9A9C-43EC5026FBF6}.checked|x64.Build.0 = checked|x64
		{1972AA38-4598-3322-9A9C-43EC5026FBF6}.profile|x64.ActiveCfg = profile|x64
		{1972AA38-4598-3322-9A9C-43EC5026FBF6}.profile|x64.Build.0 = profile|x64
		{1972AA38-4598-3322-9A9C-43EC5026FBF6}.release|x64.ActiveCfg = release|x64
		{1972AA38-4598-3322-9A9C-43EC5026FBF6}.release|x64.Build.0 = release|x64
	EndGlobalSection
	GlobalSection(NestedProjects) = preSolution
		{4BF63B3E-979E-31C8-A608-364471258899} = {115EA74F-1A49-3F2A-8C4B-A2D0537E4C67}
		{84E47B8D-ED9F-38FC-84D4-FBF0C298144D} = {115EA74F-1A49-3F2A-8C4B-A2D0537E4C67}
		{1972AA38-4598-3322-9A9C-43EC5026FBF6} = {115EA74F-1A49-3F2A-8C4B-A2D0537E4C67}
		{7BA025A7-3F3B-3836-A7D9-067CB4F96A36} = {4ECB8F70-BD18-3B0F-AF2F-0636F3E5AFE5}
		{AB45034B-930A-3249-A929-F8206E8492B2} = {4ECB8F70-BD18-3B0F-AF2F-0636F3E5AFE5}
		{D8852799-4986-3CAD-A804-FC5F5A86AF60} = {4ECB8F70-BD18-3B0F-AF2F-0636F3E5AFE5}
		{84552390-4DC8-3562-B0EF-B5F195B95A0B} = {4ECB8F70-BD18-3B0F-AF2F-0636F3E5AFE5}
		{1E1C99D9-41E3-321E-89C9-E3FB521C292E} = {4ECB8F70-BD18-3B0F-AF2F-0636F3E5AFE5}
		{563B2A68-94F8-36F8-B581-D828B713ABD7} = {4ECB8F70-BD18-3B0F-AF2F-0636F3E5AFE5}
		{2F5C3A1F-3C31-3A9F-A1A5-A3EEE11F69CE} = {4ECB8F70-BD18-3B0F-AF2F-0636F3E5AFE5}
		{6A6EC937-724F-332F-8964-2B601B19C0FC} = {4ECB8F70-BD18-3B0F-AF2F-0636F3E5AFE5}
		{A16F86EE-1822-3905-B23C-B2E5B136F57F} = {4ECB8F70-BD18-3B0F-AF2F-0636F3E5AFE5}
		{0D85EB80-5B52-3FFE-A9FD-9127CD14DC9B} = {4ECB8F70-BD18-3B0F-AF2F-0636F3E5AFE5}
		{07129082-41A6-39CE-9F51-391D08C0126C} = {4ECB8F70-BD18-3B0F-AF2F-0636F3E5AFE5}
		{65549C2A-6A51-3EF6-A473-8E4D48D08274} = {4ECB8F70-BD18-3B0F-AF2F-0636F3E5AFE5}
		{1B8711DC-E49D-3E3C-9E2C-15551877351E} = {4ECB8F70-BD18-3B0F-AF2F-0636F3E5AFE5}
		{798A3F78-2B1D-37F6-AC42-6AEDDC51F80A} = {4ECB8F70-BD18-3B0F-AF2F-0636F3E5AFE5}
		{F32F1102-CF8B-352E-878C-E37033725212} = {4ECB8F70-BD18-3B0F-AF2F-0636F3E5AFE5}
	EndGlobalSection
	GlobalSection(ExtensibilityGlobals) = postSolution
		SolutionGuid = {7A0DE6AD-7E54-3297-9801-D3963CF2733F}
	EndGlobalSection
	GlobalSection(ExtensibilityAddIns) = postSolution
	EndGlobalSection
EndGlobal
